
Microsoft Visual Studio Solution File, Format Version 10.00
# Visual Studio 2008
Project("{8BC9CEB8-8B4A-11D0-8D11-00A0C91BC942}") = "MainWnd", "MainWnd\MainWnd.vcproj", "{F1907BB0-BFB0-4279-8930-6EA81F0E8F9E}"
EndProject
Global
	GlobalSection(SolutionConfigurationPlatforms) = preSolution
		Debug|SAIO_CE60_SDK_R16 (ARMV4I) = Debug|SAIO_CE60_SDK_R16 (ARMV4I)
		Release|SAIO_CE60_SDK_R16 (ARMV4I) = Release|SAIO_CE60_SDK_R16 (ARMV4I)
	EndGlobalSection
	GlobalSection(ProjectConfigurationPlatforms) = postSolution
		{F1907BB0-BFB0-4279-8930-6EA81F0E8F9E}.Debug|SAIO_CE60_SDK_R16 (ARMV4I).ActiveCfg = Debug|SAIO_CE60_SDK_R16 (ARMV4I)
		{F1907BB0-BFB0-4279-8930-6EA81F0E8F9E}.Debug|SAIO_CE60_SDK_R16 (ARMV4I).Build.0 = Debug|SAIO_CE60_SDK_R16 (ARMV4I)
		{F1907BB0-BFB0-4279-8930-6EA81F0E8F9E}.Debug|SAIO_CE60_SDK_R16 (ARMV4I).Deploy.0 = Debug|SAIO_CE60_SDK_R16 (ARMV4I)
		{F1907BB0-BFB0-4279-8930-6EA81F0E8F9E}.Release|SAIO_CE60_SDK_R16 (ARMV4I).ActiveCfg = Release|SAIO_CE60_SDK_R16 (ARMV4I)
		{F1907BB0-BFB0-4279-8930-6EA81F0E8F9E}.Release|SAIO_CE60_SDK_R16 (ARMV4I).Build.0 = Release|SAIO_CE60_SDK_R16 (ARMV4I)
		{F1907BB0-BFB0-4279-8930-6EA81F0E8F9E}.Release|SAIO_CE60_SDK_R16 (ARMV4I).Deploy.0 = Release|SAIO_CE60_SDK_R16 (ARMV4I)
	EndGlobalSection
	GlobalSection(SolutionProperties) = preSolution
		HideSolutionNode = FALSE
	EndGlobalSection
EndGlobal
